// !$*UTF8*$!
{
	archiveVersion = 1;
	classes = {
	};
	objectVersion = 56;
	objects = {

/* Begin PBXBuildFile section */
		0301EE3E2A7CA941001E43C2 /* History_of_the_dog_breedsApp.swift in Sources */ = {isa = PBXBuildFile; fileRef = 0301EE3D2A7CA941001E43C2 /* History_of_the_dog_breedsApp.swift */; };
		0301EE402A7CA941001E43C2 /* ContentView.swift in Sources */ = {isa = PBXBuildFile; fileRef = 0301EE3F2A7CA941001E43C2 /* ContentView.swift */; };
		0301EE422A7CA942001E43C2 /* Assets.xcassets in Resources */ = {isa = PBXBuildFile; fileRef = 0301EE412A7CA942001E43C2 /* Assets.xcassets */; };
		0301EE462A7CA942001E43C2 /* Preview Assets.xcassets in Resources */ = {isa = PBXBuildFile; fileRef = 0301EE452A7CA942001E43C2 /* Preview Assets.xcassets */; };
		0301EE512A7CAD85001E43C2 /* WelcomeView.swift in Sources */ = {isa = PBXBuildFile; fileRef = 0301EE502A7CAD85001E43C2 /* WelcomeView.swift */; };
		0301EE532A7CAE0D001E43C2 /* WelcomeCard.swift in Sources */ = {isa = PBXBuildFile; fileRef = 0301EE522A7CAE0D001E43C2 /* WelcomeCard.swift */; };
		0301EE552A7CAE48001E43C2 /* Dog.swift in Sources */ = {isa = PBXBuildFile; fileRef = 0301EE542A7CAE48001E43C2 /* Dog.swift */; };
		0301EE572A7CAE55001E43C2 /* DogData.swift in Sources */ = {isa = PBXBuildFile; fileRef = 0301EE562A7CAE55001E43C2 /* DogData.swift */; };
		0301EE592A7CB6A4001E43C2 /* MapView.swift in Sources */ = {isa = PBXBuildFile; fileRef = 0301EE582A7CB6A4001E43C2 /* MapView.swift */; };
		0301EE5E2A7CD12B001E43C2 /* DogList.swift in Sources */ = {isa = PBXBuildFile; fileRef = 0301EE5D2A7CD12B001E43C2 /* DogList.swift */; };
		0301EE602A7CD601001E43C2 /* DogRow.swift in Sources */ = {isa = PBXBuildFile; fileRef = 0301EE5F2A7CD601001E43C2 /* DogRow.swift */; };
		0301EE622A7CD6E2001E43C2 /* DogDescriptionCard.swift in Sources */ = {isa = PBXBuildFile; fileRef = 0301EE612A7CD6E2001E43C2 /* DogDescriptionCard.swift */; };
		0301EE642A7CDC7C001E43C2 /* SummaryView.swift in Sources */ = {isa = PBXBuildFile; fileRef = 0301EE632A7CDC7C001E43C2 /* SummaryView.swift */; };
		0301EE662A7CDED3001E43C2 /* DogHeaderView.swift in Sources */ = {isa = PBXBuildFile; fileRef = 0301EE652A7CDED3001E43C2 /* DogHeaderView.swift */; };
		0301EE682A7CE07F001E43C2 /* FactView.swift in Sources */ = {isa = PBXBuildFile; fileRef = 0301EE672A7CE07F001E43C2 /* FactView.swift */; };
		0301EE6A2A7CE4A0001E43C2 /* DescriptionView.swift in Sources */ = {isa = PBXBuildFile; fileRef = 0301EE692A7CE4A0001E43C2 /* DescriptionView.swift */; };
/* End PBXBuildFile section */

/* Begin PBXFileReference section */
		0301EE3A2A7CA941001E43C2 /* History_of_the_dog_breeds.app */ = {isa = PBXFileReference; explicitFileType = wrapper.application; includeInIndex = 0; path = History_of_the_dog_breeds.app; sourceTree = BUILT_PRODUCTS_DIR; };
		0301EE3D2A7CA941001E43C2 /* History_of_the_dog_breedsApp.swift */ = {isa = PBXFileReference; lastKnownFileType = sourcecode.swift; path = History_of_the_dog_breedsApp.swift; sourceTree = "<group>"; };
		0301EE3F2A7CA941001E43C2 /* ContentView.swift */ = {isa = PBXFileReference; lastKnownFileType = sourcecode.swift; path = ContentView.swift; sourceTree = "<group>"; };
		0301EE412A7CA942001E43C2 /* Assets.xcassets */ = {isa = PBXFileReference; lastKnownFileType = folder.assetcatalog; path = Assets.xcassets; sourceTree = "<group>"; };
		0301EE432A7CA942001E43C2 /* History_of_the_dog_breeds.entitlements */ = {isa = PBXFileReference; lastKnownFileType = text.plist.entitlements; path = History_of_the_dog_breeds.entitlements; sourceTree = "<group>"; };
		0301EE452A7CA942001E43C2 /* Preview Assets.xcassets */ = {isa = PBXFileReference; lastKnownFileType = folder.assetcatalog; path = "Preview Assets.xcassets"; sourceTree = "<group>"; };
		0301EE502A7CAD85001E43C2 /* WelcomeView.swift */ = {isa = PBXFileReference; lastKnownFileType = sourcecode.swift; path = WelcomeView.swift; sourceTree = "<group>"; };
		0301EE522A7CAE0D001E43C2 /* WelcomeCard.swift */ = {isa = PBXFileReference; lastKnownFileType = sourcecode.swift; path = WelcomeCard.swift; sourceTree = "<group>"; };
		0301EE542A7CAE48001E43C2 /* Dog.swift */ = {isa = PBXFileReference; lastKnownFileType = sourcecode.swift; path = Dog.swift; sourceTree = "<group>"; };
		0301EE562A7CAE55001E43C2 /* DogData.swift */ = {isa = PBXFileReference; lastKnownFileType = sourcecode.swift; path = DogData.swift; sourceTree = "<group>"; };
		0301EE582A7CB6A4001E43C2 /* MapView.swift */ = {isa = PBXFileReference; lastKnownFileType = sourcecode.swift; path = MapView.swift; sourceTree = "<group>"; };
		0301EE5D2A7CD12B001E43C2 /* DogList.swift */ = {isa = PBXFileReference; lastKnownFileType = sourcecode.swift; path = DogList.swift; sourceTree = "<group>"; };
		0301EE5F2A7CD601001E43C2 /* DogRow.swift */ = {isa = PBXFileReference; lastKnownFileType = sourcecode.swift; path = DogRow.swift; sourceTree = "<group>"; };
		0301EE612A7CD6E2001E43C2 /* DogDescriptionCard.swift */ = {isa = PBXFileReference; lastKnownFileType = sourcecode.swift; path = DogDescriptionCard.swift; sourceTree = "<group>"; };
		0301EE632A7CDC7C001E43C2 /* SummaryView.swift */ = {isa = PBXFileReference; lastKnownFileType = sourcecode.swift; path = SummaryView.swift; sourceTree = "<group>"; };
		0301EE652A7CDED3001E43C2 /* DogHeaderView.swift */ = {isa = PBXFileReference; lastKnownFileType = sourcecode.swift; path = DogHeaderView.swift; sourceTree = "<group>"; };
		0301EE672A7CE07F001E43C2 /* FactView.swift */ = {isa = PBXFileReference; lastKnownFileType = sourcecode.swift; path = FactView.swift; sourceTree = "<group>"; };
		0301EE692A7CE4A0001E43C2 /* DescriptionView.swift */ = {isa = PBXFileReference; lastKnownFileType = sourcecode.swift; path = DescriptionView.swift; sourceTree = "<group>"; };
/* End PBXFileReference section */

/* Begin PBXFrameworksBuildPhase section */
		0301EE372A7CA941001E43C2 /* Frameworks */ = {
			isa = PBXFrameworksBuildPhase;
			buildActionMask = 2147483647;
			files = (
			);
			runOnlyForDeploymentPostprocessing = 0;
		};
/* End PBXFrameworksBuildPhase section */

/* Begin PBXGroup section */
		0301EE312A7CA941001E43C2 = {
			isa = PBXGroup;
			children = (
				0301EE3C2A7CA941001E43C2 /* History_of_the_dog_breeds */,
				0301EE3B2A7CA941001E43C2 /* Products */,
			);
			sourceTree = "<group>";
		};
		0301EE3B2A7CA941001E43C2 /* Products */ = {
			isa = PBXGroup;
			children = (
				0301EE3A2A7CA941001E43C2 /* History_of_the_dog_breeds.app */,
			);
			name = Products;
			sourceTree = "<group>";
		};
		0301EE3C2A7CA941001E43C2 /* History_of_the_dog_breeds */ = {
			isa = PBXGroup;
			children = (
				0301EE3D2A7CA941001E43C2 /* History_of_the_dog_breedsApp.swift */,
				0301EE4D2A7CAC4B001E43C2 /* Welcome */,
				0301EE4F2A7CAC6E001E43C2 /* View */,
				0301EE4E2A7CAC5A001E43C2 /* Model */,
				0301EE442A7CA942001E43C2 /* Preview Content */,
			);
			path = History_of_the_dog_breeds;
			sourceTree = "<group>";
		};
		0301EE442A7CA942001E43C2 /* Preview Content */ = {
			isa = PBXGroup;
			children = (
				0301EE452A7CA942001E43C2 /* Preview Assets.xcassets */,
				0301EE432A7CA942001E43C2 /* History_of_the_dog_breeds.entitlements */,
			);
			path = "Preview Content";
			sourceTree = "<group>";
		};
		0301EE4D2A7CAC4B001E43C2 /* Welcome */ = {
			isa = PBXGroup;
			children = (
				0301EE502A7CAD85001E43C2 /* WelcomeView.swift */,
				0301EE522A7CAE0D001E43C2 /* WelcomeCard.swift */,
			);
			path = Welcome;
			sourceTree = "<group>";
		};
		0301EE4E2A7CAC5A001E43C2 /* Model */ = {
			isa = PBXGroup;
			children = (
				0301EE542A7CAE48001E43C2 /* Dog.swift */,
				0301EE562A7CAE55001E43C2 /* DogData.swift */,
			);
			path = Model;
			sourceTree = "<group>";
		};
		0301EE4F2A7CAC6E001E43C2 /* View */ = {
			isa = PBXGroup;
			children = (
				0301EE582A7CB6A4001E43C2 /* MapView.swift */,
				0301EE5F2A7CD601001E43C2 /* DogRow.swift */,
				0301EE3F2A7CA941001E43C2 /* ContentView.swift */,
				0301EE5D2A7CD12B001E43C2 /* DogList.swift */,
				0301EE612A7CD6E2001E43C2 /* DogDescriptionCard.swift */,
				0301EE632A7CDC7C001E43C2 /* SummaryView.swift */,
				0301EE652A7CDED3001E43C2 /* DogHeaderView.swift */,
				0301EE672A7CE07F001E43C2 /* FactView.swift */,
				0301EE412A7CA942001E43C2 /* Assets.xcassets */,
				0301EE692A7CE4A0001E43C2 /* DescriptionView.swift */,
			);
			path = View;
			sourceTree = "<group>";
		};
/* End PBXGroup section */

/* Begin PBXNativeTarget section */
		0301EE392A7CA941001E43C2 /* History_of_the_dog_breeds */ = {
			isa = PBXNativeTarget;
			buildConfigurationList = 0301EE492A7CA942001E43C2 /* Build configuration list for PBXNativeTarget "History_of_the_dog_breeds" */;
			buildPhases = (
				0301EE362A7CA941001E43C2 /* Sources */,
				0301EE372A7CA941001E43C2 /* Frameworks */,
				0301EE382A7CA941001E43C2 /* Resources */,
			);
			buildRules = (
			);
			dependencies = (
			);
			name = History_of_the_dog_breeds;
			productName = History_of_the_dog_breeds;
			productReference = 0301EE3A2A7CA941001E43C2 /* History_of_the_dog_breeds.app */;
			productType = "com.apple.product-type.application";
		};
/* End PBXNativeTarget section */

/* Begin PBXProject section */
		0301EE322A7CA941001E43C2 /* Project object */ = {
			isa = PBXProject;
			attributes = {
				BuildIndependentTargetsInParallel = 1;
				LastSwiftUpdateCheck = 1430;
				LastUpgradeCheck = 1430;
				TargetAttributes = {
					0301EE392A7CA941001E43C2 = {
						CreatedOnToolsVersion = 14.3.1;
					};
				};
			};
			buildConfigurationList = 0301EE352A7CA941001E43C2 /* Build configuration list for PBXProject "History_of_the_dog_breeds" */;
			compatibilityVersion = "Xcode 14.0";
			developmentRegion = en;
			hasScannedForEncodings = 0;
			knownRegions = (
				en,
				Base,
			);
			mainGroup = 0301EE312A7CA941001E43C2;
			productRefGroup = 0301EE3B2A7CA941001E43C2 /* Products */;
			projectDirPath = "";
			projectRoot = "";
			targets = (
				0301EE392A7CA941001E43C2 /* History_of_the_dog_breeds */,
			);
		};
/* End PBXProject section */

/* Begin PBXResourcesBuildPhase section */
		0301EE382A7CA941001E43C2 /* Resources */ = {
			isa = PBXResourcesBuildPhase;
			buildActionMask = 2147483647;
			files = (
				0301EE462A7CA942001E43C2 /* Preview Assets.xcassets in Resources */,
				0301EE422A7CA942001E43C2 /* Assets.xcassets in Resources */,
			);
			runOnlyForDeploymentPostprocessing = 0;
		};
/* End PBXResourcesBuildPhase section */

/* Begin PBXSourcesBuildPhase section */
		0301EE362A7CA941001E43C2 /* Sources */ = {
			isa = PBXSourcesBuildPhase;
			buildActionMask = 2147483647;
			files = (
				0301EE662A7CDED3001E43C2 /* DogHeaderView.swift in Sources */,
				0301EE6A2A7CE4A0001E43C2 /* DescriptionView.swift in Sources */,
				0301EE592A7CB6A4001E43C2 /* MapView.swift in Sources */,
				0301EE602A7CD601001E43C2 /* DogRow.swift in Sources */,
				0301EE402A7CA941001E43C2 /* ContentView.swift in Sources */,
				0301EE512A7CAD85001E43C2 /* WelcomeView.swift in Sources */,
				0301EE532A7CAE0D001E43C2 /* WelcomeCard.swift in Sources */,
				0301EE552A7CAE48001E43C2 /* Dog.swift in Sources */,
				0301EE572A7CAE55001E43C2 /* DogData.swift in Sources */,
				0301EE622A7CD6E2001E43C2 /* DogDescriptionCard.swift in Sources */,
				0301EE682A7CE07F001E43C2 /* FactView.swift in Sources */,
				0301EE5E2A7CD12B001E43C2 /* DogList.swift in Sources */,
				0301EE3E2A7CA941001E43C2 /* History_of_the_dog_breedsApp.swift in Sources */,
				0301EE642A7CDC7C001E43C2 /* SummaryView.swift in Sources */,
			);
			runOnlyForDeploymentPostprocessing = 0;
		};
/* End PBXSourcesBuildPhase section */

/* Begin XCBuildConfiguration section */
		0301EE472A7CA942001E43C2 /* Debug */ = {
			isa = XCBuildConfiguration;
			buildSettings = {
				ALWAYS_SEARCH_USER_PATHS = NO;
				CLANG_ANALYZER_NONNULL = YES;
				CLANG_ANALYZER_NUMBER_OBJECT_CONVERSION = YES_AGGRESSIVE;
				CLANG_CXX_LANGUAGE_STANDARD = "gnu++20";
				CLANG_ENABLE_MODULES = YES;
				CLANG_ENABLE_OBJC_ARC = YES;
				CLANG_ENABLE_OBJC_WEAK = YES;
				CLANG_WARN_BLOCK_CAPTURE_AUTORELEASING = YES;
				CLANG_WARN_BOOL_CONVERSION = YES;
				CLANG_WARN_COMMA = YES;
				CLANG_WARN_CONSTANT_CONVERSION = YES;
				CLANG_WARN_DEPRECATED_OBJC_IMPLEMENTATIONS = YES;
				CLANG_WARN_DIRECT_OBJC_ISA_USAGE = YES_ERROR;
				CLANG_WARN_DOCUMENTATION_COMMENTS = YES;
				CLANG_WARN_EMPTY_BODY = YES;
				CLANG_WARN_ENUM_CONVERSION = YES;
				CLANG_WARN_INFINITE_RECURSION = YES;
				CLANG_WARN_INT_CONVERSION = YES;
				CLANG_WARN_NON_LITERAL_NULL_CONVERSION = YES;
				CLANG_WARN_OBJC_IMPLICIT_RETAIN_SELF = YES;
				CLANG_WARN_OBJC_LITERAL_CONVERSION = YES;
				CLANG_WARN_OBJC_ROOT_CLASS = YES_ERROR;
				CLANG_WARN_QUOTED_INCLUDE_IN_FRAMEWORK_HEADER = YES;
				CLANG_WARN_RANGE_LOOP_ANALYSIS = YES;
				CLANG_WARN_STRICT_PROTOTYPES = YES;
				CLANG_WARN_SUSPICIOUS_MOVE = YES;
				CLANG_WARN_UNGUARDED_AVAILABILITY = YES_AGGRESSIVE;
				CLANG_WARN_UNREACHABLE_CODE = YES;
				CLANG_WARN__DUPLICATE_METHOD_MATCH = YES;
				COPY_PHASE_STRIP = NO;
				DEBUG_INFORMATION_FORMAT = dwarf;
				ENABLE_STRICT_OBJC_MSGSEND = YES;
				ENABLE_TESTABILITY = YES;
				GCC_C_LANGUAGE_STANDARD = gnu11;
				GCC_DYNAMIC_NO_PIC = NO;
				GCC_NO_COMMON_BLOCKS = YES;
				GCC_OPTIMIZATION_LEVEL = 0;
				GCC_PREPROCESSOR_DEFINITIONS = (
					"DEBUG=1",
					"$(inherited)",
				);
				GCC_WARN_64_TO_32_BIT_CONVERSION = YES;
				GCC_WARN_ABOUT_RETURN_TYPE = YES_ERROR;
				GCC_WARN_UNDECLARED_SELECTOR = YES;
				GCC_WARN_UNINITIALIZED_AUTOS = YES_AGGRESSIVE;
				GCC_WARN_UNUSED_FUNCTION = YES;
				GCC_WARN_UNUSED_VARIABLE = YES;
				MTL_ENABLE_DEBUG_INFO = INCLUDE_SOURCE;
				MTL_FAST_MATH = YES;
				ONLY_ACTIVE_ARCH = YES;
				SWIFT_ACTIVE_COMPILATION_CONDITIONS = DEBUG;
				SWIFT_OPTIMIZATION_LEVEL = "-Onone";
			};
			name = Debug;
		};
		0301EE482A7CA942001E43C2 /* Release */ = {
			isa = XCBuildConfiguration;
			buildSettings = {
				ALWAYS_SEARCH_USER_PATHS = NO;
				CLANG_ANALYZER_NONNULL = YES;
				CLANG_ANALYZER_NUMBER_OBJECT_CONVERSION = YES_AGGRESSIVE;
				CLANG_CXX_LANGUAGE_STANDARD = "gnu++20";
				CLANG_ENABLE_MODULES = YES;
				CLANG_ENABLE_OBJC_ARC = YES;
				CLANG_ENABLE_OBJC_WEAK = YES;
				CLANG_WARN_BLOCK_CAPTURE_AUTORELEASING = YES;
				CLANG_WARN_BOOL_CONVERSION = YES;
				CLANG_WARN_COMMA = YES;
				CLANG_WARN_CONSTANT_CONVERSION = YES;
				CLANG_WARN_DEPRECATED_OBJC_IMPLEMENTATIONS = YES;
				CLANG_WARN_DIRECT_OBJC_ISA_USAGE = YES_ERROR;
				CLANG_WARN_DOCUMENTATION_COMMENTS = YES;
				CLANG_WARN_EMPTY_BODY = YES;
				CLANG_WARN_ENUM_CONVERSION = YES;
				CLANG_WARN_INFINITE_RECURSION = YES;
				CLANG_WARN_INT_CONVERSION = YES;
				CLANG_WARN_NON_LITERAL_NULL_CONVERSION = YES;
				CLANG_WARN_OBJC_IMPLICIT_RETAIN_SELF = YES;
				CLANG_WARN_OBJC_LITERAL_CONVERSION = YES;
				CLANG_WARN_OBJC_ROOT_CLASS = YES_ERROR;
				CLANG_WARN_QUOTED_INCLUDE_IN_FRAMEWORK_HEADER = YES;
				CLANG_WARN_RANGE_LOOP_ANALYSIS = YES;
				CLANG_WARN_STRICT_PROTOTYPES = YES;
				CLANG_WARN_SUSPICIOUS_MOVE = YES;
				CLANG_WARN_UNGUARDED_AVAILABILITY = YES_AGGRESSIVE;
				CLANG_WARN_UNREACHABLE_CODE = YES;
				CLANG_WARN__DUPLICATE_METHOD_MATCH = YES;
				COPY_PHASE_STRIP = NO;
				DEBUG_INFORMATION_FORMAT = "dwarf-with-dsym";
				ENABLE_NS_ASSERTIONS = NO;
				ENABLE_STRICT_OBJC_MSGSEND = YES;
				GCC_C_LANGUAGE_STANDARD = gnu11;
				GCC_NO_COMMON_BLOCKS = YES;
				GCC_WARN_64_TO_32_BIT_CONVERSION = YES;
				GCC_WARN_ABOUT_RETURN_TYPE = YES_ERROR;
				GCC_WARN_UNDECLARED_SELECTOR = YES;
				GCC_WARN_UNINITIALIZED_AUTOS = YES_AGGRESSIVE;
				GCC_WARN_UNUSED_FUNCTION = YES;
				GCC_WARN_UNUSED_VARIABLE = YES;
				MTL_ENABLE_DEBUG_INFO = NO;
				MTL_FAST_MATH = YES;
				SWIFT_COMPILATION_MODE = wholemodule;
				SWIFT_OPTIMIZATION_LEVEL = "-O";
			};
			name = Release;
		};
		0301EE4A2A7CA942001E43C2 /* Debug */ = {
			isa = XCBuildConfiguration;
			buildSettings = {
				ASSETCATALOG_COMPILER_APPICON_NAME = AppIcon;
				ASSETCATALOG_COMPILER_GLOBAL_ACCENT_COLOR_NAME = AccentColor;
				CODE_SIGN_ENTITLEMENTS = History_of_the_dog_breeds/History_of_the_dog_breeds.entitlements;
				CODE_SIGN_STYLE = Automatic;
				CURRENT_PROJECT_VERSION = 1;
				DEVELOPMENT_ASSET_PATHS = "\"History_of_the_dog_breeds/Preview Content\"";
				DEVELOPMENT_TEAM = MHNKN74222;
				ENABLE_HARDENED_RUNTIME = YES;
				ENABLE_PREVIEWS = YES;
				GENERATE_INFOPLIST_FILE = YES;
				"INFOPLIST_KEY_UIApplicationSceneManifest_Generation[sdk=iphoneos*]" = YES;
				"INFOPLIST_KEY_UIApplicationSceneManifest_Generation[sdk=iphonesimulator*]" = YES;
				"INFOPLIST_KEY_UIApplicationSupportsIndirectInputEvents[sdk=iphoneos*]" = YES;
				"INFOPLIST_KEY_UIApplicationSupportsIndirectInputEvents[sdk=iphonesimulator*]" = YES;
				"INFOPLIST_KEY_UILaunchScreen_Generation[sdk=iphoneos*]" = YES;
				"INFOPLIST_KEY_UILaunchScreen_Generation[sdk=iphonesimulator*]" = YES;
				"INFOPLIST_KEY_UIStatusBarStyle[sdk=iphoneos*]" = UIStatusBarStyleDefault;
				"INFOPLIST_KEY_UIStatusBarStyle[sdk=iphonesimulator*]" = UIStatusBarStyleDefault;
				INFOPLIST_KEY_UISupportedInterfaceOrientations_iPad = "UIInterfaceOrientationPortrait UIInterfaceOrientationPortraitUpsideDown UIInterfaceOrientationLandscapeLeft UIInterfaceOrientationLandscapeRight";
				INFOPLIST_KEY_UISupportedInterfaceOrientations_iPhone = "UIInterfaceOrientationPortrait UIInterfaceOrientationLandscapeLeft UIInterfaceOrientationLandscapeRight";
				IPHONEOS_DEPLOYMENT_TARGET = 16.4;
				LD_RUNPATH_SEARCH_PATHS = "@executable_path/Frameworks";
				"LD_RUNPATH_SEARCH_PATHS[sdk=macosx*]" = "@executable_path/../Frameworks";
				MACOSX_DEPLOYMENT_TARGET = 13.3;
				MARKETING_VERSION = 1.0;
				PRODUCT_BUNDLE_IDENTIFIER = "vn.edu.rmit.dat.History-of-the-dog-breeds";
				PRODUCT_NAME = "$(TARGET_NAME)";
				SDKROOT = auto;
				SUPPORTED_PLATFORMS = "iphoneos iphonesimulator macosx";
				SWIFT_EMIT_LOC_STRINGS = YES;
				SWIFT_VERSION = 5.0;
				TARGETED_DEVICE_FAMILY = "1,2";
			};
			name = Debug;
		};
		0301EE4B2A7CA942001E43C2 /* Release */ = {
			isa = XCBuildConfiguration;
			buildSettings = {
				ASSETCATALOG_COMPILER_APPICON_NAME = AppIcon;
				ASSETCATALOG_COMPILER_GLOBAL_ACCENT_COLOR_NAME = AccentColor;
				CODE_SIGN_ENTITLEMENTS = History_of_the_dog_breeds/History_of_the_dog_breeds.entitlements;
				CODE_SIGN_STYLE = Automatic;
				CURRENT_PROJECT_VERSION = 1;
				DEVELOPMENT_ASSET_PATHS = "\"History_of_the_dog_breeds/Preview Content\"";
				DEVELOPMENT_TEAM = MHNKN74222;
				ENABLE_HARDENED_RUNTIME = YES;
				ENABLE_PREVIEWS = YES;
				GENERATE_INFOPLIST_FILE = YES;
				"INFOPLIST_KEY_UIApplicationSceneManifest_Generation[sdk=iphoneos*]" = YES;
				"INFOPLIST_KEY_UIApplicationSceneManifest_Generation[sdk=iphonesimulator*]" = YES;
				"INFOPLIST_KEY_UIApplicationSupportsIndirectInputEvents[sdk=iphoneos*]" = YES;
				"INFOPLIST_KEY_UIApplicationSupportsIndirectInputEvents[sdk=iphonesimulator*]" = YES;
				"INFOPLIST_KEY_UILaunchScreen_Generation[sdk=iphoneos*]" = YES;
				"INFOPLIST_KEY_UILaunchScreen_Generation[sdk=iphonesimulator*]" = YES;
				"INFOPLIST_KEY_UIStatusBarStyle[sdk=iphoneos*]" = UIStatusBarStyleDefault;
				"INFOPLIST_KEY_UIStatusBarStyle[sdk=iphonesimulator*]" = UIStatusBarStyleDefault;
				INFOPLIST_KEY_UISupportedInterfaceOrientations_iPad = "UIInterfaceOrientationPortrait UIInterfaceOrientationPortraitUpsideDown UIInterfaceOrientationLandscapeLeft UIInterfaceOrientationLandscapeRight";
				INFOPLIST_KEY_UISupportedInterfaceOrientations_iPhone = "UIInterfaceOrientationPortrait UIInterfaceOrientationLandscapeLeft UIInterfaceOrientationLandscapeRight";
				IPHONEOS_DEPLOYMENT_TARGET = 16.4;
				LD_RUNPATH_SEARCH_PATHS = "@executable_path/Frameworks";
				"LD_RUNPATH_SEARCH_PATHS[sdk=macosx*]" = "@executable_path/../Frameworks";
				MACOSX_DEPLOYMENT_TARGET = 13.3;
				MARKETING_VERSION = 1.0;
				PRODUCT_BUNDLE_IDENTIFIER = "vn.edu.rmit.dat.History-of-the-dog-breeds";
				PRODUCT_NAME = "$(TARGET_NAME)";
				SDKROOT = auto;
				SUPPORTED_PLATFORMS = "iphoneos iphonesimulator macosx";
				SWIFT_EMIT_LOC_STRINGS = YES;
				SWIFT_VERSION = 5.0;
				TARGETED_DEVICE_FAMILY = "1,2";
			};
			name = Release;
		};
/* End XCBuildConfiguration section */

/* Begin XCConfigurationList section */
		0301EE352A7CA941001E43C2 /* Build configuration list for PBXProject "History_of_the_dog_breeds" */ = {
			isa = XCConfigurationList;
			buildConfigurations = (
				0301EE472A7CA942001E43C2 /* Debug */,
				0301EE482A7CA942001E43C2 /* Release */,
			);
			defaultConfigurationIsVisible = 0;
			defaultConfigurationName = Release;
		};
		0301EE492A7CA942001E43C2 /* Build configuration list for PBXNativeTarget "History_of_the_dog_breeds" */ = {
			isa = XCConfigurationList;
			buildConfigurations = (
				0301EE4A2A7CA942001E43C2 /* Debug */,
				0301EE4B2A7CA942001E43C2 /* Release */,
			);
			defaultConfigurationIsVisible = 0;
			defaultConfigurationName = Release;
		};
/* End XCConfigurationList section */
	};
	rootObject = 0301EE322A7CA941001E43C2 /* Project object */;
}
